{
  "version": "5",
  "redirects": {
    "https://esm.sh/@supabase/supabase-js@2": "https://esm.sh/@supabase/supabase-js@2.99.2",
    "https://esm.sh/iceberg-js@^0.8.1?target=denonext": "https://esm.sh/iceberg-js@0.8.1?target=denonext"
  },
  "remote": {
    "https://esm.sh/@supabase/auth-js@2.99.2/denonext/auth-js.mjs": "a8c9d5085ca53b234df596ddd6ab8f7ae39974708f187efb88ad1e9d6aad7ec3",
    "https://esm.sh/@supabase/functions-js@2.99.2/denonext/functions-js.mjs": "8fb46d367ab73a9380567a15d9b5f69eab5d48fbd86eff53212e1613f65591f7",
    "https://esm.sh/@supabase/postgrest-js@2.99.2/denonext/postgrest-js.mjs": "ff9adfa5bd929a6e52bc8b4d4f95d2423ca107c828150db7679660d5d5445c40",
    "https://esm.sh/@supabase/realtime-js@2.99.2/denonext/realtime-js.mjs": "283ad2a2c27b7391016ce2f5198cc11dcd88ba5142e7e59d71a7977f2974b97a",
    "https://esm.sh/@supabase/storage-js@2.99.2/denonext/storage-js.mjs": "61107f13005d7c2812bc3419f32f82e7b07cf357046b10a240e286bab1c710ef",
    "https://esm.sh/@supabase/supabase-js@2.99.2": "efb7249144e7f54bf97ebe1a570036360aebb58d882f9f4a3b960aad3958f0bf",
    "https://esm.sh/@supabase/supabase-js@2.99.2/denonext/supabase-js.mjs": "c572f3d76a4b08266be4f82a61da5859fd45c6051791bfd9d4d75df867464342",
    "https://esm.sh/iceberg-js@0.8.1/denonext/iceberg-js.mjs": "d839d81a2e3966500ca2cdd0c1cb458e9608bacfc91f7bb67a69b2e878dcdb4f",
    "https://esm.sh/iceberg-js@0.8.1?target=denonext": "58c849d7fe2bf4eca4a84eb501e83c161a7d8c34ca1bec15a962b3bec3062633",
    "https://esm.sh/pdfjs-dist@4.10.38/legacy/build/pdf.mjs": "5f5858fd93f59d17c4aecb835bfdec767ec272a67531ce923e350de04429ea30",
    "https://esm.sh/tslib@2.8.1/denonext/tslib.mjs": "c38da5dd6da6281964435002ce204cd586634fe3bdfb24a0ee116f48cf3292e9"
  },
  "workspace": {
    "packageJson": {
      "dependencies": [
        "npm:@eslint/js@^9.39.4",
        "npm:@heroui/react@3.0.0-rc.1",
        "npm:@heroui/styles@3.0.0-rc.1",
        "npm:@hookform/resolvers@^3.10.0",
        "npm:@playwright/test@^1.58.2",
        "npm:@radix-ui/react-accordion@^1.2.12",
        "npm:@radix-ui/react-alert-dialog@^1.1.15",
        "npm:@radix-ui/react-aspect-ratio@^1.1.8",
        "npm:@radix-ui/react-avatar@^1.1.11",
        "npm:@radix-ui/react-checkbox@^1.3.3",
        "npm:@radix-ui/react-collapsible@^1.1.12",
        "npm:@radix-ui/react-context-menu@^2.2.16",
        "npm:@radix-ui/react-dialog@^1.1.15",
        "npm:@radix-ui/react-dropdown-menu@^2.1.16",
        "npm:@radix-ui/react-hover-card@^1.1.15",
        "npm:@radix-ui/react-label@^2.1.8",
        "npm:@radix-ui/react-menubar@^1.1.16",
        "npm:@radix-ui/react-navigation-menu@^1.2.14",
        "npm:@radix-ui/react-popover@^1.1.15",
        "npm:@radix-ui/react-progress@^1.1.8",
        "npm:@radix-ui/react-radio-group@^1.3.8",
        "npm:@radix-ui/react-scroll-area@^1.2.10",
        "npm:@radix-ui/react-select@^2.2.6",
        "npm:@radix-ui/react-separator@^1.1.8",
        "npm:@radix-ui/react-slider@^1.3.6",
        "npm:@radix-ui/react-slot@^1.2.4",
        "npm:@radix-ui/react-switch@^1.2.6",
        "npm:@radix-ui/react-tabs@^1.1.13",
        "npm:@radix-ui/react-toast@^1.2.15",
        "npm:@radix-ui/react-toggle-group@^1.1.11",
        "npm:@radix-ui/react-toggle@^1.1.10",
        "npm:@radix-ui/react-tooltip@^1.2.8",
        "npm:@supabase/supabase-js@^2.99.2",
        "npm:@tailwindcss/typography@~0.5.19",
        "npm:@tailwindcss/vite@^4.2.1",
        "npm:@tanstack/react-query@^5.90.21",
        "npm:@testing-library/jest-dom@^6.9.1",
        "npm:@testing-library/react@^16.3.2",
        "npm:@types/node@^22.19.15",
        "npm:@types/react-dom@^19.2.3",
        "npm:@types/react@^19.2.14",
        "npm:@vitejs/plugin-react@^6.0.1",
        "npm:autoprefixer@^10.4.27",
        "npm:class-variance-authority@~0.7.1",
        "npm:clsx@^2.1.1",
        "npm:cmdk@^1.1.1",
        "npm:date-fns@^3.6.0",
        "npm:embla-carousel-react@^8.6.0",
        "npm:eslint-plugin-react-hooks@^5.2.0",
        "npm:eslint-plugin-react-refresh@~0.4.26",
        "npm:eslint@^9.39.4",
        "npm:framer-motion@^12.38.0",
        "npm:globals@^15.15.0",
        "npm:i18next-browser-languagedetector@^8.2.1",
        "npm:i18next@^25.8.18",
        "npm:input-otp@^1.4.2",
        "npm:jsdom@^20.0.3",
        "npm:lucide-react@0.462",
        "npm:next-themes@~0.4.6",
        "npm:postcss@^8.5.8",
        "npm:radix-ui@^1.4.3",
        "npm:react-day-picker@^9.14.0",
        "npm:react-dom@19.2.4",
        "npm:react-hook-form@^7.71.2",
        "npm:react-i18next@^16.5.8",
        "npm:react-resizable-panels@^2.1.9",
        "npm:react-router-dom@^6.30.3",
        "npm:react@19.2.4",
        "npm:recharts@^2.15.4",
        "npm:sonner@^1.7.4",
        "npm:tailwind-merge@^2.6.1",
        "npm:tailwindcss-animate@^1.0.7",
        "npm:tailwindcss@^4.2.1",
        "npm:typescript-eslint@^8.57.1",
        "npm:typescript@^5.9.3",
        "npm:vaul@~0.9.9",
        "npm:vite@8",
        "npm:vitest@^4.1.0",
        "npm:zod@^4.3.6"
      ]
    }
  }
}
